
Microsoft Visual Studio Solution File, Format Version 12.00
# Visual Studio Version 16
VisualStudioVersion = 16.0.30621.155
MinimumVisualStudioVersion = 10.0.40219.1
Project("{9A19103F-16F7-4668-BE54-9A1E7A4F7556}") = "ExFinal", "ExFinal\ExFinal.csproj", "{0F30BF6D-B8A2-422E-A6D2-ACD542A84FFC}"
EndProject
Project("{FAE04EC0-301F-11D3-BF4B-00C04F79EFBC}") = "NUnitTestProject1", "NUnitTestProject1\NUnitTestProject1.csproj", "{A7E4AC82-44AD-44D5-BD0A-15F7FD4E5278}"
EndProject
Global
	GlobalSection(SolutionConfigurationPlatforms) = preSolution
		Debug|Any CPU = Debug|Any CPU
		Release|Any CPU = Release|Any CPU
	EndGlobalSection
	GlobalSection(ProjectConfigurationPlatforms) = postSolution
		{0F30BF6D-B8A2-422E-A6D2-ACD542A84FFC}.Debug|Any CPU.ActiveCfg = Debug|Any CPU
		{0F30BF6D-B8A2-422E-A6D2-ACD542A84FFC}.Debug|Any CPU.Build.0 = Debug|Any CPU
		{0F30BF6D-B8A2-422E-A6D2-ACD542A84FFC}.Release|Any CPU.ActiveCfg = Release|Any CPU
		{0F30BF6D-B8A2-422E-A6D2-ACD542A84FFC}.Release|Any CPU.Build.0 = Release|Any CPU
		{A7E4AC82-44AD-44D5-BD0A-15F7FD4E5278}.Debug|Any CPU.ActiveCfg = Debug|Any CPU
		{A7E4AC82-44AD-44D5-BD0A-15F7FD4E5278}.Debug|Any CPU.Build.0 = Debug|Any CPU
		{A7E4AC82-44AD-44D5-BD0A-15F7FD4E5278}.Release|Any CPU.ActiveCfg = Release|Any CPU
		{A7E4AC82-44AD-44D5-BD0A-15F7FD4E5278}.Release|Any CPU.Build.0 = Release|Any CPU
	EndGlobalSection
	GlobalSection(SolutionProperties) = preSolution
		HideSolutionNode = FALSE
	EndGlobalSection
	GlobalSection(ExtensibilityGlobals) = postSolution
		SolutionGuid = {5A3D4078-7337-46A4-B230-2483BCFB430B}
	EndGlobalSection
EndGlobal
